
Microsoft Visual Studio Solution File, Format Version 12.00
# Visual Studio Version 16
VisualStudioVersion = 16.0.33328.57
MinimumVisualStudioVersion = 10.0.40219.1
Project("{8BC9CEB8-8B4A-11D0-8D11-00A0C91BC942}") = "ChessProject", "ChessProject\ChessProject.vcxproj", "{0913824E-642F-453D-BED9-A1DF5E3A5965}"
EndProject
Global
	GlobalSection(SolutionConfigurationPlatforms) = preSolution
		Debug|x64 = Debug|x64
		Debug|x86 = Debug|x86
		Release|x64 = Release|x64
		Release|x86 = Release|x86
	EndGlobalSection
	GlobalSection(ProjectConfigurationPlatforms) = postSolution
		{0913824E-642F-453D-BED9-A1DF5E3A5965}.Debug|x64.ActiveCfg = Debug|x64
		{0913824E-642F-453D-BED9-A1DF5E3A5965}.Debug|x64.Build.0 = Debug|x64
		{0913824E-642F-453D-BED9-A1DF5E3A5965}.Debug|x86.ActiveCfg = Debug|Win32
		{0913824E-642F-453D-BED9-A1DF5E3A5965}.Debug|x86.Build.0 = Debug|Win32
		{0913824E-642F-453D-BED9-A1DF5E3A5965}.Release|x64.ActiveCfg = Release|x64
		{0913824E-642F-453D-BED9-A1DF5E3A5965}.Release|x64.Build.0 = Release|x64
		{0913824E-642F-453D-BED9-A1DF5E3A5965}.Release|x86.ActiveCfg = Release|Win32
		{0913824E-642F-453D-BED9-A1DF5E3A5965}.Release|x86.Build.0 = Release|Win32
	EndGlobalSection
	GlobalSection(SolutionProperties) = preSolution
		HideSolutionNode = FALSE
	EndGlobalSection
	GlobalSection(ExtensibilityGlobals) = postSolution
		SolutionGuid = {B21E6434-771F-43CB-843A-2CE637458BCC}
	EndGlobalSection
EndGlobal
